
Microsoft Visual Studio Solution File, Format Version 12.00
# Visual Studio Version 17
VisualStudioVersion = 17.2.32630.192
MinimumVisualStudioVersion = 10.0.40219.1
Project("{FAE04EC0-301F-11D3-BF4B-00C04F79EFBC}") = "EvaluateString", "EvaluateString\EvaluateString.csproj", "{CE4FFB31-8E0D-4621-865A-C04457689490}"
EndProject
Project("{2150E333-8FDC-42A3-9474-1A3956D46DE8}") = "Solution Items", "Solution Items", "{E87771F7-F80B-4FB6-9971-6E44649720D5}"
	ProjectSection(SolutionItems) = preProject
		.editorconfig = .editorconfig
	EndProjectSection
EndProject
Global
	GlobalSection(SolutionConfigurationPlatforms) = preSolution
		Debug|Any CPU = Debug|Any CPU
		Release|Any CPU = Release|Any CPU
	EndGlobalSection
	GlobalSection(ProjectConfigurationPlatforms) = postSolution
		{CE4FFB31-8E0D-4621-865A-C04457689490}.Debug|Any CPU.ActiveCfg = Debug|Any CPU
		{CE4FFB31-8E0D-4621-865A-C04457689490}.Debug|Any CPU.Build.0 = Debug|Any CPU
		{CE4FFB31-8E0D-4621-865A-C04457689490}.Release|Any CPU.ActiveCfg = Release|Any CPU
		{CE4FFB31-8E0D-4621-865A-C04457689490}.Release|Any CPU.Build.0 = Release|Any CPU
	EndGlobalSection
	GlobalSection(SolutionProperties) = preSolution
		HideSolutionNode = FALSE
	EndGlobalSection
	GlobalSection(ExtensibilityGlobals) = postSolution
		SolutionGuid = {8D048292-93ED-468A-ABD4-1A960F9E36B5}
	EndGlobalSection
EndGlobal
